// !$*UTF8*$!
{
	archiveVersion = 1;
	classes = {
	};
	objectVersion = 55;
	objects = {

/* Begin PBXBuildFile section */
		CE24C954215CBBC6DF7B1ACD /* Pods_SnapkitProject.framework in Frameworks */ = {isa = PBXBuildFile; fileRef = B7A2E327860FF54D25EB7577 /* Pods_SnapkitProject.framework */; };
		D2016BF22765259C00A07B75 /* AppDelegate.swift in Sources */ = {isa = PBXBuildFile; fileRef = D2016BF12765259C00A07B75 /* AppDelegate.swift */; };
		D2016BF42765259C00A07B75 /* SceneDelegate.swift in Sources */ = {isa = PBXBuildFile; fileRef = D2016BF32765259C00A07B75 /* SceneDelegate.swift */; };
		D2016BF62765259C00A07B75 /* ViewController.swift in Sources */ = {isa = PBXBuildFile; fileRef = D2016BF52765259C00A07B75 /* ViewController.swift */; };
		D2016BF92765259C00A07B75 /* Main.storyboard in Resources */ = {isa = PBXBuildFile; fileRef = D2016BF72765259C00A07B75 /* Main.storyboard */; };
		D2016BFB2765259D00A07B75 /* Assets.xcassets in Resources */ = {isa = PBXBuildFile; fileRef = D2016BFA2765259D00A07B75 /* Assets.xcassets */; };
		D2016BFE2765259D00A07B75 /* LaunchScreen.storyboard in Resources */ = {isa = PBXBuildFile; fileRef = D2016BFC2765259D00A07B75 /* LaunchScreen.storyboard */; };
		D2016C0727653AD400A07B75 /* CellWidthToLabels.xib in Resources */ = {isa = PBXBuildFile; fileRef = D2016C0627653AD400A07B75 /* CellWidthToLabels.xib */; };
		D2016C0927653B0100A07B75 /* CellWidthToLabels.swift in Sources */ = {isa = PBXBuildFile; fileRef = D2016C0827653B0100A07B75 /* CellWidthToLabels.swift */; };
		D2016C0B27653DE600A07B75 /* CellWithTwoLabelsViewModel.swift in Sources */ = {isa = PBXBuildFile; fileRef = D2016C0A27653DE600A07B75 /* CellWithTwoLabelsViewModel.swift */; };
		D2016C0D2765417100A07B75 /* CellWithTwoLabelsAndImage.swift in Sources */ = {isa = PBXBuildFile; fileRef = D2016C0C2765417100A07B75 /* CellWithTwoLabelsAndImage.swift */; };
		D2016C0F2765419600A07B75 /* Constants.swift in Sources */ = {isa = PBXBuildFile; fileRef = D2016C0E2765419600A07B75 /* Constants.swift */; };
		D2016C11276542E300A07B75 /* CellWithTwoLabelsAndImageViewModel.swift in Sources */ = {isa = PBXBuildFile; fileRef = D2016C10276542E300A07B75 /* CellWithTwoLabelsAndImageViewModel.swift */; };
/* End PBXBuildFile section */

/* Begin PBXFileReference section */
		081B1354186F1569E7BC958D /* Pods-SnapkitProject.release.xcconfig */ = {isa = PBXFileReference; includeInIndex = 1; lastKnownFileType = text.xcconfig; name = "Pods-SnapkitProject.release.xcconfig"; path = "Target Support Files/Pods-SnapkitProject/Pods-SnapkitProject.release.xcconfig"; sourceTree = "<group>"; };
		1C736D65A58BB00AC34C0239 /* Pods-SnapkitProject.debug.xcconfig */ = {isa = PBXFileReference; includeInIndex = 1; lastKnownFileType = text.xcconfig; name = "Pods-SnapkitProject.debug.xcconfig"; path = "Target Support Files/Pods-SnapkitProject/Pods-SnapkitProject.debug.xcconfig"; sourceTree = "<group>"; };
		B7A2E327860FF54D25EB7577 /* Pods_SnapkitProject.framework */ = {isa = PBXFileReference; explicitFileType = wrapper.framework; includeInIndex = 0; path = Pods_SnapkitProject.framework; sourceTree = BUILT_PRODUCTS_DIR; };
		D2016BEE2765259C00A07B75 /* SnapkitProject.app */ = {isa = PBXFileReference; explicitFileType = wrapper.application; includeInIndex = 0; path = SnapkitProject.app; sourceTree = BUILT_PRODUCTS_DIR; };
		D2016BF12765259C00A07B75 /* AppDelegate.swift */ = {isa = PBXFileReference; lastKnownFileType = sourcecode.swift; path = AppDelegate.swift; sourceTree = "<group>"; };
		D2016BF32765259C00A07B75 /* SceneDelegate.swift */ = {isa = PBXFileReference; lastKnownFileType = sourcecode.swift; path = SceneDelegate.swift; sourceTree = "<group>"; };
		D2016BF52765259C00A07B75 /* ViewController.swift */ = {isa = PBXFileReference; lastKnownFileType = sourcecode.swift; path = ViewController.swift; sourceTree = "<group>"; };
		D2016BF82765259C00A07B75 /* Base */ = {isa = PBXFileReference; lastKnownFileType = file.storyboard; name = Base; path = Base.lproj/Main.storyboard; sourceTree = "<group>"; };
		D2016BFA2765259D00A07B75 /* Assets.xcassets */ = {isa = PBXFileReference; lastKnownFileType = folder.assetcatalog; path = Assets.xcassets; sourceTree = "<group>"; };
		D2016BFD2765259D00A07B75 /* Base */ = {isa = PBXFileReference; lastKnownFileType = file.storyboard; name = Base; path = Base.lproj/LaunchScreen.storyboard; sourceTree = "<group>"; };
		D2016BFF2765259D00A07B75 /* Info.plist */ = {isa = PBXFileReference; lastKnownFileType = text.plist.xml; path = Info.plist; sourceTree = "<group>"; };
		D2016C0627653AD400A07B75 /* CellWidthToLabels.xib */ = {isa = PBXFileReference; lastKnownFileType = file.xib; path = CellWidthToLabels.xib; sourceTree = "<group>"; };
		D2016C0827653B0100A07B75 /* CellWidthToLabels.swift */ = {isa = PBXFileReference; lastKnownFileType = sourcecode.swift; path = CellWidthToLabels.swift; sourceTree = "<group>"; };
		D2016C0A27653DE600A07B75 /* CellWithTwoLabelsViewModel.swift */ = {isa = PBXFileReference; lastKnownFileType = sourcecode.swift; path = CellWithTwoLabelsViewModel.swift; sourceTree = "<group>"; };
		D2016C0C2765417100A07B75 /* CellWithTwoLabelsAndImage.swift */ = {isa = PBXFileReference; lastKnownFileType = sourcecode.swift; path = CellWithTwoLabelsAndImage.swift; sourceTree = "<group>"; };
		D2016C0E2765419600A07B75 /* Constants.swift */ = {isa = PBXFileReference; lastKnownFileType = sourcecode.swift; path = Constants.swift; sourceTree = "<group>"; };
		D2016C10276542E300A07B75 /* CellWithTwoLabelsAndImageViewModel.swift */ = {isa = PBXFileReference; lastKnownFileType = sourcecode.swift; path = CellWithTwoLabelsAndImageViewModel.swift; sourceTree = "<group>"; };
/* End PBXFileReference section */

/* Begin PBXFrameworksBuildPhase section */
		D2016BEB2765259C00A07B75 /* Frameworks */ = {
			isa = PBXFrameworksBuildPhase;
			buildActionMask = 2147483647;
			files = (
				CE24C954215CBBC6DF7B1ACD /* Pods_SnapkitProject.framework in Frameworks */,
			);
			runOnlyForDeploymentPostprocessing = 0;
		};
/* End PBXFrameworksBuildPhase section */

/* Begin PBXGroup section */
		0A9A3CB9C21A2FF0B0DA4A83 /* Frameworks */ = {
			isa = PBXGroup;
			children = (
				B7A2E327860FF54D25EB7577 /* Pods_SnapkitProject.framework */,
			);
			name = Frameworks;
			sourceTree = "<group>";
		};
		D2016BE52765259C00A07B75 = {
			isa = PBXGroup;
			children = (
				D2016BF02765259C00A07B75 /* SnapkitProject */,
				D2016BEF2765259C00A07B75 /* Products */,
				FE70E6C5030907DD54DFDD71 /* Pods */,
				0A9A3CB9C21A2FF0B0DA4A83 /* Frameworks */,
			);
			sourceTree = "<group>";
		};
		D2016BEF2765259C00A07B75 /* Products */ = {
			isa = PBXGroup;
			children = (
				D2016BEE2765259C00A07B75 /* SnapkitProject.app */,
			);
			name = Products;
			sourceTree = "<group>";
		};
		D2016BF02765259C00A07B75 /* SnapkitProject */ = {
			isa = PBXGroup;
			children = (
				D2016C0527653AC100A07B75 /* Cell */,
				D2016BF12765259C00A07B75 /* AppDelegate.swift */,
				D2016BF32765259C00A07B75 /* SceneDelegate.swift */,
				D2016BF52765259C00A07B75 /* ViewController.swift */,
				D2016C0E2765419600A07B75 /* Constants.swift */,
				D2016BF72765259C00A07B75 /* Main.storyboard */,
				D2016BFA2765259D00A07B75 /* Assets.xcassets */,
				D2016BFC2765259D00A07B75 /* LaunchScreen.storyboard */,
				D2016BFF2765259D00A07B75 /* Info.plist */,
			);
			path = SnapkitProject;
			sourceTree = "<group>";
		};
		D2016C0527653AC100A07B75 /* Cell */ = {
			isa = PBXGroup;
			children = (
				D2016C0627653AD400A07B75 /* CellWidthToLabels.xib */,
				D2016C1227654BC300A07B75 /* OneMethod */,
				D2016C1327654BD700A07B75 /* TwoMethod */,
			);
			path = Cell;
			sourceTree = "<group>";
		};
		D2016C1227654BC300A07B75 /* OneMethod */ = {
			isa = PBXGroup;
			children = (
				D2016C0A27653DE600A07B75 /* CellWithTwoLabelsViewModel.swift */,
				D2016C0827653B0100A07B75 /* CellWidthToLabels.swift */,
			);
			name = OneMethod;
			sourceTree = "<group>";
		};
		D2016C1327654BD700A07B75 /* TwoMethod */ = {
			isa = PBXGroup;
			children = (
				D2016C0C2765417100A07B75 /* CellWithTwoLabelsAndImage.swift */,
				D2016C10276542E300A07B75 /* CellWithTwoLabelsAndImageViewModel.swift */,
			);
			name = TwoMethod;
			sourceTree = "<group>";
		};
		FE70E6C5030907DD54DFDD71 /* Pods */ = {
			isa = PBXGroup;
			children = (
				1C736D65A58BB00AC34C0239 /* Pods-SnapkitProject.debug.xcconfig */,
				081B1354186F1569E7BC958D /* Pods-SnapkitProject.release.xcconfig */,
			);
			path = Pods;
			sourceTree = "<group>";
		};
/* End PBXGroup section */

/* Begin PBXNativeTarget section */
		D2016BED2765259C00A07B75 /* SnapkitProject */ = {
			isa = PBXNativeTarget;
			buildConfigurationList = D2016C022765259D00A07B75 /* Build configuration list for PBXNativeTarget "SnapkitProject" */;
			buildPhases = (
				0A0BDA9AC738C72A2959F6E4 /* [CP] Check Pods Manifest.lock */,
				D2016BEA2765259C00A07B75 /* Sources */,
				D2016BEB2765259C00A07B75 /* Frameworks */,
				D2016BEC2765259C00A07B75 /* Resources */,
				457AC96BB16918D975BE0AE5 /* [CP] Embed Pods Frameworks */,
			);
			buildRules = (
			);
			dependencies = (
			);
			name = SnapkitProject;
			productName = SnapkitProject;
			productReference = D2016BEE2765259C00A07B75 /* SnapkitProject.app */;
			productType = "com.apple.product-type.application";
		};
/* End PBXNativeTarget section */

/* Begin PBXProject section */
		D2016BE62765259C00A07B75 /* Project object */ = {
			isa = PBXProject;
			attributes = {
				BuildIndependentTargetsInParallel = 1;
				LastSwiftUpdateCheck = 1310;
				LastUpgradeCheck = 1310;
				TargetAttributes = {
					D2016BED2765259C00A07B75 = {
						CreatedOnToolsVersion = 13.1;
					};
				};
			};
			buildConfigurationList = D2016BE92765259C00A07B75 /* Build configuration list for PBXProject "SnapkitProject" */;
			compatibilityVersion = "Xcode 13.0";
			developmentRegion = en;
			hasScannedForEncodings = 0;
			knownRegions = (
				en,
				Base,
			);
			mainGroup = D2016BE52765259C00A07B75;
			productRefGroup = D2016BEF2765259C00A07B75 /* Products */;
			projectDirPath = "";
			projectRoot = "";
			targets = (
				D2016BED2765259C00A07B75 /* SnapkitProject */,
			);
		};
/* End PBXProject section */

/* Begin PBXResourcesBuildPhase section */
		D2016BEC2765259C00A07B75 /* Resources */ = {
			isa = PBXResourcesBuildPhase;
			buildActionMask = 2147483647;
			files = (
				D2016C0727653AD400A07B75 /* CellWidthToLabels.xib in Resources */,
				D2016BFE2765259D00A07B75 /* LaunchScreen.storyboard in Resources */,
				D2016BFB2765259D00A07B75 /* Assets.xcassets in Resources */,
				D2016BF92765259C00A07B75 /* Main.storyboard in Resources */,
			);
			runOnlyForDeploymentPostprocessing = 0;
		};
/* End PBXResourcesBuildPhase section */

/* Begin PBXShellScriptBuildPhase section */
		0A0BDA9AC738C72A2959F6E4 /* [CP] Check Pods Manifest.lock */ = {
			isa = PBXShellScriptBuildPhase;
			buildActionMask = 2147483647;
			files = (
			);
			inputFileListPaths = (
			);
			inputPaths = (
				"${PODS_PODFILE_DIR_PATH}/Podfile.lock",
				"${PODS_ROOT}/Manifest.lock",
			);
			name = "[CP] Check Pods Manifest.lock";
			outputFileListPaths = (
			);
			outputPaths = (
				"$(DERIVED_FILE_DIR)/Pods-SnapkitProject-checkManifestLockResult.txt",
			);
			runOnlyForDeploymentPostprocessing = 0;
			shellPath = /bin/sh;
			shellScript = "diff \"${PODS_PODFILE_DIR_PATH}/Podfile.lock\" \"${PODS_ROOT}/Manifest.lock\" > /dev/null\nif [ $? != 0 ] ; then\n    # print error to STDERR\n    echo \"error: The sandbox is not in sync with the Podfile.lock. Run 'pod install' or update your CocoaPods installation.\" >&2\n    exit 1\nfi\n# This output is used by Xcode 'outputs' to avoid re-running this script phase.\necho \"SUCCESS\" > \"${SCRIPT_OUTPUT_FILE_0}\"\n";
			showEnvVarsInLog = 0;
		};
		457AC96BB16918D975BE0AE5 /* [CP] Embed Pods Frameworks */ = {
			isa = PBXShellScriptBuildPhase;
			buildActionMask = 2147483647;
			files = (
			);
			inputFileListPaths = (
				"${PODS_ROOT}/Target Support Files/Pods-SnapkitProject/Pods-SnapkitProject-frameworks-${CONFIGURATION}-input-files.xcfilelist",
			);
			name = "[CP] Embed Pods Frameworks";
			outputFileListPaths = (
				"${PODS_ROOT}/Target Support Files/Pods-SnapkitProject/Pods-SnapkitProject-frameworks-${CONFIGURATION}-output-files.xcfilelist",
			);
			runOnlyForDeploymentPostprocessing = 0;
			shellPath = /bin/sh;
			shellScript = "\"${PODS_ROOT}/Target Support Files/Pods-SnapkitProject/Pods-SnapkitProject-frameworks.sh\"\n";
			showEnvVarsInLog = 0;
		};
/* End PBXShellScriptBuildPhase section */

/* Begin PBXSourcesBuildPhase section */
		D2016BEA2765259C00A07B75 /* Sources */ = {
			isa = PBXSourcesBuildPhase;
			buildActionMask = 2147483647;
			files = (
				D2016C0927653B0100A07B75 /* CellWidthToLabels.swift in Sources */,
				D2016C0D2765417100A07B75 /* CellWithTwoLabelsAndImage.swift in Sources */,
				D2016BF62765259C00A07B75 /* ViewController.swift in Sources */,
				D2016BF22765259C00A07B75 /* AppDelegate.swift in Sources */,
				D2016C0F2765419600A07B75 /* Constants.swift in Sources */,
				D2016C0B27653DE600A07B75 /* CellWithTwoLabelsViewModel.swift in Sources */,
				D2016C11276542E300A07B75 /* CellWithTwoLabelsAndImageViewModel.swift in Sources */,
				D2016BF42765259C00A07B75 /* SceneDelegate.swift in Sources */,
			);
			runOnlyForDeploymentPostprocessing = 0;
		};
/* End PBXSourcesBuildPhase section */

/* Begin PBXVariantGroup section */
		D2016BF72765259C00A07B75 /* Main.storyboard */ = {
			isa = PBXVariantGroup;
			children = (
				D2016BF82765259C00A07B75 /* Base */,
			);
			name = Main.storyboard;
			sourceTree = "<group>";
		};
		D2016BFC2765259D00A07B75 /* LaunchScreen.storyboard */ = {
			isa = PBXVariantGroup;
			children = (
				D2016BFD2765259D00A07B75 /* Base */,
			);
			name = LaunchScreen.storyboard;
			sourceTree = "<group>";
		};
/* End PBXVariantGroup section */

/* Begin XCBuildConfiguration section */
		D2016C002765259D00A07B75 /* Debug */ = {
			isa = XCBuildConfiguration;
			buildSettings = {
				ALWAYS_SEARCH_USER_PATHS = NO;
				CLANG_ANALYZER_NONNULL = YES;
				CLANG_ANALYZER_NUMBER_OBJECT_CONVERSION = YES_AGGRESSIVE;
				CLANG_CXX_LANGUAGE_STANDARD = "gnu++17";
				CLANG_CXX_LIBRARY = "libc++";
				CLANG_ENABLE_MODULES = YES;
				CLANG_ENABLE_OBJC_ARC = YES;
				CLANG_ENABLE_OBJC_WEAK = YES;
				CLANG_WARN_BLOCK_CAPTURE_AUTORELEASING = YES;
				CLANG_WARN_BOOL_CONVERSION = YES;
				CLANG_WARN_COMMA = YES;
				CLANG_WARN_CONSTANT_CONVERSION = YES;
				CLANG_WARN_DEPRECATED_OBJC_IMPLEMENTATIONS = YES;
				CLANG_WARN_DIRECT_OBJC_ISA_USAGE = YES_ERROR;
				CLANG_WARN_DOCUMENTATION_COMMENTS = YES;
				CLANG_WARN_EMPTY_BODY = YES;
				CLANG_WARN_ENUM_CONVERSION = YES;
				CLANG_WARN_INFINITE_RECURSION = YES;
				CLANG_WARN_INT_CONVERSION = YES;
				CLANG_WARN_NON_LITERAL_NULL_CONVERSION = YES;
				CLANG_WARN_OBJC_IMPLICIT_RETAIN_SELF = YES;
				CLANG_WARN_OBJC_LITERAL_CONVERSION = YES;
				CLANG_WARN_OBJC_ROOT_CLASS = YES_ERROR;
				CLANG_WARN_QUOTED_INCLUDE_IN_FRAMEWORK_HEADER = YES;
				CLANG_WARN_RANGE_LOOP_ANALYSIS = YES;
				CLANG_WARN_STRICT_PROTOTYPES = YES;
				CLANG_WARN_SUSPICIOUS_MOVE = YES;
				CLANG_WARN_UNGUARDED_AVAILABILITY = YES_AGGRESSIVE;
				CLANG_WARN_UNREACHABLE_CODE = YES;
				CLANG_WARN__DUPLICATE_METHOD_MATCH = YES;
				COPY_PHASE_STRIP = NO;
				DEBUG_INFORMATION_FORMAT = dwarf;
				ENABLE_STRICT_OBJC_MSGSEND = YES;
				ENABLE_TESTABILITY = YES;
				GCC_C_LANGUAGE_STANDARD = gnu11;
				GCC_DYNAMIC_NO_PIC = NO;
				GCC_NO_COMMON_BLOCKS = YES;
				GCC_OPTIMIZATION_LEVEL = 0;
				GCC_PREPROCESSOR_DEFINITIONS = (
					"DEBUG=1",
					"$(inherited)",
				);
				GCC_WARN_64_TO_32_BIT_CONVERSION = YES;
				GCC_WARN_ABOUT_RETURN_TYPE = YES_ERROR;
				GCC_WARN_UNDECLARED_SELECTOR = YES;
				GCC_WARN_UNINITIALIZED_AUTOS = YES_AGGRESSIVE;
				GCC_WARN_UNUSED_FUNCTION = YES;
				GCC_WARN_UNUSED_VARIABLE = YES;
				IPHONEOS_DEPLOYMENT_TARGET = 15.0;
				MTL_ENABLE_DEBUG_INFO = INCLUDE_SOURCE;
				MTL_FAST_MATH = YES;
				ONLY_ACTIVE_ARCH = YES;
				SDKROOT = iphoneos;
				SWIFT_ACTIVE_COMPILATION_CONDITIONS = DEBUG;
				SWIFT_OPTIMIZATION_LEVEL = "-Onone";
			};
			name = Debug;
		};
		D2016C012765259D00A07B75 /* Release */ = {
			isa = XCBuildConfiguration;
			buildSettings = {
				ALWAYS_SEARCH_USER_PATHS = NO;
				CLANG_ANALYZER_NONNULL = YES;
				CLANG_ANALYZER_NUMBER_OBJECT_CONVERSION = YES_AGGRESSIVE;
				CLANG_CXX_LANGUAGE_STANDARD = "gnu++17";
				CLANG_CXX_LIBRARY = "libc++";
				CLANG_ENABLE_MODULES = YES;
				CLANG_ENABLE_OBJC_ARC = YES;
				CLANG_ENABLE_OBJC_WEAK = YES;
				CLANG_WARN_BLOCK_CAPTURE_AUTORELEASING = YES;
				CLANG_WARN_BOOL_CONVERSION = YES;
				CLANG_WARN_COMMA = YES;
				CLANG_WARN_CONSTANT_CONVERSION = YES;
				CLANG_WARN_DEPRECATED_OBJC_IMPLEMENTATIONS = YES;
				CLANG_WARN_DIRECT_OBJC_ISA_USAGE = YES_ERROR;
				CLANG_WARN_DOCUMENTATION_COMMENTS = YES;
				CLANG_WARN_EMPTY_BODY = YES;
				CLANG_WARN_ENUM_CONVERSION = YES;
				CLANG_WARN_INFINITE_RECURSION = YES;
				CLANG_WARN_INT_CONVERSION = YES;
				CLANG_WARN_NON_LITERAL_NULL_CONVERSION = YES;
				CLANG_WARN_OBJC_IMPLICIT_RETAIN_SELF = YES;
				CLANG_WARN_OBJC_LITERAL_CONVERSION = YES;
				CLANG_WARN_OBJC_ROOT_CLASS = YES_ERROR;
				CLANG_WARN_QUOTED_INCLUDE_IN_FRAMEWORK_HEADER = YES;
				CLANG_WARN_RANGE_LOOP_ANALYSIS = YES;
				CLANG_WARN_STRICT_PROTOTYPES = YES;
				CLANG_WARN_SUSPICIOUS_MOVE = YES;
				CLANG_WARN_UNGUARDED_AVAILABILITY = YES_AGGRESSIVE;
				CLANG_WARN_UNREACHABLE_CODE = YES;
				CLANG_WARN__DUPLICATE_METHOD_MATCH = YES;
				COPY_PHASE_STRIP = NO;
				DEBUG_INFORMATION_FORMAT = "dwarf-with-dsym";
				ENABLE_NS_ASSERTIONS = NO;
				ENABLE_STRICT_OBJC_MSGSEND = YES;
				GCC_C_LANGUAGE_STANDARD = gnu11;
				GCC_NO_COMMON_BLOCKS = YES;
				GCC_WARN_64_TO_32_BIT_CONVERSION = YES;
				GCC_WARN_ABOUT_RETURN_TYPE = YES_ERROR;
				GCC_WARN_UNDECLARED_SELECTOR = YES;
				GCC_WARN_UNINITIALIZED_AUTOS = YES_AGGRESSIVE;
				GCC_WARN_UNUSED_FUNCTION = YES;
				GCC_WARN_UNUSED_VARIABLE = YES;
				IPHONEOS_DEPLOYMENT_TARGET = 15.0;
				MTL_ENABLE_DEBUG_INFO = NO;
				MTL_FAST_MATH = YES;
				SDKROOT = iphoneos;
				SWIFT_COMPILATION_MODE = wholemodule;
				SWIFT_OPTIMIZATION_LEVEL = "-O";
				VALIDATE_PRODUCT = YES;
			};
			name = Release;
		};
		D2016C032765259D00A07B75 /* Debug */ = {
			isa = XCBuildConfiguration;
			baseConfigurationReference = 1C736D65A58BB00AC34C0239 /* Pods-SnapkitProject.debug.xcconfig */;
			buildSettings = {
				ASSETCATALOG_COMPILER_APPICON_NAME = AppIcon;
				ASSETCATALOG_COMPILER_GLOBAL_ACCENT_COLOR_NAME = AccentColor;
				CODE_SIGN_STYLE = Automatic;
				CURRENT_PROJECT_VERSION = 1;
				DEVELOPMENT_TEAM = UJ8B9FFXUA;
				GENERATE_INFOPLIST_FILE = YES;
				INFOPLIST_FILE = SnapkitProject/Info.plist;
				INFOPLIST_KEY_UIApplicationSupportsIndirectInputEvents = YES;
				INFOPLIST_KEY_UILaunchStoryboardName = LaunchScreen;
				INFOPLIST_KEY_UIMainStoryboardFile = Main;
				INFOPLIST_KEY_UISupportedInterfaceOrientations_iPad = "UIInterfaceOrientationPortrait UIInterfaceOrientationPortraitUpsideDown UIInterfaceOrientationLandscapeLeft UIInterfaceOrientationLandscapeRight";
				INFOPLIST_KEY_UISupportedInterfaceOrientations_iPhone = "UIInterfaceOrientationPortrait UIInterfaceOrientationLandscapeLeft UIInterfaceOrientationLandscapeRight";
				LD_RUNPATH_SEARCH_PATHS = (
					"$(inherited)",
					"@executable_path/Frameworks",
				);
				MARKETING_VERSION = 1.0;
				PRODUCT_BUNDLE_IDENTIFIER = kiko.SnapkitProject;
				PRODUCT_NAME = "$(TARGET_NAME)";
				SWIFT_EMIT_LOC_STRINGS = YES;
				SWIFT_VERSION = 5.0;
				TARGETED_DEVICE_FAMILY = "1,2";
			};
			name = Debug;
		};
		D2016C042765259D00A07B75 /* Release */ = {
			isa = XCBuildConfiguration;
			baseConfigurationReference = 081B1354186F1569E7BC958D /* Pods-SnapkitProject.release.xcconfig */;
			buildSettings = {
				ASSETCATALOG_COMPILER_APPICON_NAME = AppIcon;
				ASSETCATALOG_COMPILER_GLOBAL_ACCENT_COLOR_NAME = AccentColor;
				CODE_SIGN_STYLE = Automatic;
				CURRENT_PROJECT_VERSION = 1;
				DEVELOPMENT_TEAM = UJ8B9FFXUA;
				GENERATE_INFOPLIST_FILE = YES;
				INFOPLIST_FILE = SnapkitProject/Info.plist;
				INFOPLIST_KEY_UIApplicationSupportsIndirectInputEvents = YES;
				INFOPLIST_KEY_UILaunchStoryboardName = LaunchScreen;
				INFOPLIST_KEY_UIMainStoryboardFile = Main;
				INFOPLIST_KEY_UISupportedInterfaceOrientations_iPad = "UIInterfaceOrientationPortrait UIInterfaceOrientationPortraitUpsideDown UIInterfaceOrientationLandscapeLeft UIInterfaceOrientationLandscapeRight";
				INFOPLIST_KEY_UISupportedInterfaceOrientations_iPhone = "UIInterfaceOrientationPortrait UIInterfaceOrientationLandscapeLeft UIInterfaceOrientationLandscapeRight";
				LD_RUNPATH_SEARCH_PATHS = (
					"$(inherited)",
					"@executable_path/Frameworks",
				);
				MARKETING_VERSION = 1.0;
				PRODUCT_BUNDLE_IDENTIFIER = kiko.SnapkitProject;
				PRODUCT_NAME = "$(TARGET_NAME)";
				SWIFT_EMIT_LOC_STRINGS = YES;
				SWIFT_VERSION = 5.0;
				TARGETED_DEVICE_FAMILY = "1,2";
			};
			name = Release;
		};
/* End XCBuildConfiguration section */

/* Begin XCConfigurationList section */
		D2016BE92765259C00A07B75 /* Build configuration list for PBXProject "SnapkitProject" */ = {
			isa = XCConfigurationList;
			buildConfigurations = (
				D2016C002765259D00A07B75 /* Debug */,
				D2016C012765259D00A07B75 /* Release */,
			);
			defaultConfigurationIsVisible = 0;
			defaultConfigurationName = Release;
		};
		D2016C022765259D00A07B75 /* Build configuration list for PBXNativeTarget "SnapkitProject" */ = {
			isa = XCConfigurationList;
			buildConfigurations = (
				D2016C032765259D00A07B75 /* Debug */,
				D2016C042765259D00A07B75 /* Release */,
			);
			defaultConfigurationIsVisible = 0;
			defaultConfigurationName = Release;
		};
/* End XCConfigurationList section */
	};
	rootObject = D2016BE62765259C00A07B75 /* Project object */;
}
